
Microsoft Visual Studio Solution File, Format Version 12.00
# Visual Studio Version 16
VisualStudioVersion = 16.0.31019.35
MinimumVisualStudioVersion = 10.0.40219.1
Project("{8BC9CEB8-8B4A-11D0-8D11-00A0C91BC942}") = "0825플밍", "0825플밍\0825플밍.vcxproj", "{4AD51109-6416-4018-B688-12DECF6C23FF}"
EndProject
Global
	GlobalSection(SolutionConfigurationPlatforms) = preSolution
		Debug|x64 = Debug|x64
		Debug|x86 = Debug|x86
		Release|x64 = Release|x64
		Release|x86 = Release|x86
	EndGlobalSection
	GlobalSection(ProjectConfigurationPlatforms) = postSolution
		{4AD51109-6416-4018-B688-12DECF6C23FF}.Debug|x64.ActiveCfg = Debug|x64
		{4AD51109-6416-4018-B688-12DECF6C23FF}.Debug|x64.Build.0 = Debug|x64
		{4AD51109-6416-4018-B688-12DECF6C23FF}.Debug|x86.ActiveCfg = Debug|Win32
		{4AD51109-6416-4018-B688-12DECF6C23FF}.Debug|x86.Build.0 = Debug|Win32
		{4AD51109-6416-4018-B688-12DECF6C23FF}.Release|x64.ActiveCfg = Release|x64
		{4AD51109-6416-4018-B688-12DECF6C23FF}.Release|x64.Build.0 = Release|x64
		{4AD51109-6416-4018-B688-12DECF6C23FF}.Release|x86.ActiveCfg = Release|Win32
		{4AD51109-6416-4018-B688-12DECF6C23FF}.Release|x86.Build.0 = Release|Win32
	EndGlobalSection
	GlobalSection(SolutionProperties) = preSolution
		HideSolutionNode = FALSE
	EndGlobalSection
	GlobalSection(ExtensibilityGlobals) = postSolution
		SolutionGuid = {C672D9D1-0858-4081-BC9A-2C766FA9EF47}
	EndGlobalSection
EndGlobal
